
Microsoft Visual Studio Solution File, Format Version 12.00
# Visual Studio Version 17
VisualStudioVersion = 17.10.34928.147
MinimumVisualStudioVersion = 10.0.40219.1
Project("{FAE04EC0-301F-11D3-BF4B-00C04F79EFBC}") = "sphw3", "sphw3.csproj", "{84B49994-6E93-4480-BE54-6FA1ABDC2978}"
EndProject
Global
	GlobalSection(SolutionConfigurationPlatforms) = preSolution
		Debug|Any CPU = Debug|Any CPU
		Release|Any CPU = Release|Any CPU
	EndGlobalSection
	GlobalSection(ProjectConfigurationPlatforms) = postSolution
		{84B49994-6E93-4480-BE54-6FA1ABDC2978}.Debug|Any CPU.ActiveCfg = Debug|Any CPU
		{84B49994-6E93-4480-BE54-6FA1ABDC2978}.Debug|Any CPU.Build.0 = Debug|Any CPU
		{84B49994-6E93-4480-BE54-6FA1ABDC2978}.Release|Any CPU.ActiveCfg = Release|Any CPU
		{84B49994-6E93-4480-BE54-6FA1ABDC2978}.Release|Any CPU.Build.0 = Release|Any CPU
	EndGlobalSection
	GlobalSection(SolutionProperties) = preSolution
		HideSolutionNode = FALSE
	EndGlobalSection
	GlobalSection(ExtensibilityGlobals) = postSolution
		SolutionGuid = {E73395E3-5BAD-4516-8F71-9BD78996E525}
	EndGlobalSection
EndGlobal
